
Microsoft Visual Studio Solution File, Format Version 12.00
# Visual Studio 15
VisualStudioVersion = 15.0.28307.1300
MinimumVisualStudioVersion = 10.0.40219.1
Project("{8BC9CEB8-8B4A-11D0-8D11-00A0C91BC942}") = "Q1_Idan_hur_and_Ron_shmaya", "Q1_Idan_hur_and_Ron_shmaya\Q1_Idan_hur_and_Ron_shmaya.vcxproj", "{7692AA9B-E63A-44F6-B3EA-1743DC7410D3}"
EndProject
Global
	GlobalSection(SolutionConfigurationPlatforms) = preSolution
		Debug|x64 = Debug|x64
		Debug|x86 = Debug|x86
		Release|x64 = Release|x64
		Release|x86 = Release|x86
	EndGlobalSection
	GlobalSection(ProjectConfigurationPlatforms) = postSolution
		{7692AA9B-E63A-44F6-B3EA-1743DC7410D3}.Debug|x64.ActiveCfg = Debug|x64
		{7692AA9B-E63A-44F6-B3EA-1743DC7410D3}.Debug|x64.Build.0 = Debug|x64
		{7692AA9B-E63A-44F6-B3EA-1743DC7410D3}.Debug|x86.ActiveCfg = Debug|Win32
		{7692AA9B-E63A-44F6-B3EA-1743DC7410D3}.Debug|x86.Build.0 = Debug|Win32
		{7692AA9B-E63A-44F6-B3EA-1743DC7410D3}.Release|x64.ActiveCfg = Release|x64
		{7692AA9B-E63A-44F6-B3EA-1743DC7410D3}.Release|x64.Build.0 = Release|x64
		{7692AA9B-E63A-44F6-B3EA-1743DC7410D3}.Release|x86.ActiveCfg = Release|Win32
		{7692AA9B-E63A-44F6-B3EA-1743DC7410D3}.Release|x86.Build.0 = Release|Win32
	EndGlobalSection
	GlobalSection(SolutionProperties) = preSolution
		HideSolutionNode = FALSE
	EndGlobalSection
	GlobalSection(ExtensibilityGlobals) = postSolution
		SolutionGuid = {1FF5CDDA-14D8-4F7F-8EF6-06DBCABF260E}
	EndGlobalSection
EndGlobal
